
Microsoft Visual Studio Solution File, Format Version 12.00
# Visual Studio Version 17
VisualStudioVersion = 17.8.34309.116
MinimumVisualStudioVersion = 10.0.40219.1
Project("{FAE04EC0-301F-11D3-BF4B-00C04F79EFBC}") = "PdfCompressionService", "PdfCompressionService.csproj", "{98A24372-5F86-4024-B219-98AB666B1FFE}"
EndProject
Global
	GlobalSection(SolutionConfigurationPlatforms) = preSolution
		Debug|Any CPU = Debug|Any CPU
		Release|Any CPU = Release|Any CPU
	EndGlobalSection
	GlobalSection(ProjectConfigurationPlatforms) = postSolution
		{98A24372-5F86-4024-B219-98AB666B1FFE}.Debug|Any CPU.ActiveCfg = Debug|Any CPU
		{98A24372-5F86-4024-B219-98AB666B1FFE}.Debug|Any CPU.Build.0 = Debug|Any CPU
		{98A24372-5F86-4024-B219-98AB666B1FFE}.Release|Any CPU.ActiveCfg = Release|Any CPU
		{98A24372-5F86-4024-B219-98AB666B1FFE}.Release|Any CPU.Build.0 = Release|Any CPU
	EndGlobalSection
	GlobalSection(SolutionProperties) = preSolution
		HideSolutionNode = FALSE
	EndGlobalSection
	GlobalSection(ExtensibilityGlobals) = postSolution
		SolutionGuid = {DD437BF7-56AE-4F7F-9487-C1125BBD6015}
	EndGlobalSection
EndGlobal
